
Microsoft Visual Studio Solution File, Format Version 12.00
# Visual Studio Version 17
VisualStudioVersion = 17.6.33829.357
MinimumVisualStudioVersion = 10.0.40219.1
Project("{FAE04EC0-301F-11D3-BF4B-00C04F79EFBC}") = "assignment34", "assignment34.csproj", "{A98F78DB-42E0-4001-A5D8-1D0A845FF11F}"
EndProject
Global
	GlobalSection(SolutionConfigurationPlatforms) = preSolution
		Debug|Any CPU = Debug|Any CPU
		Release|Any CPU = Release|Any CPU
	EndGlobalSection
	GlobalSection(ProjectConfigurationPlatforms) = postSolution
		{A98F78DB-42E0-4001-A5D8-1D0A845FF11F}.Debug|Any CPU.ActiveCfg = Debug|Any CPU
		{A98F78DB-42E0-4001-A5D8-1D0A845FF11F}.Debug|Any CPU.Build.0 = Debug|Any CPU
		{A98F78DB-42E0-4001-A5D8-1D0A845FF11F}.Release|Any CPU.ActiveCfg = Release|Any CPU
		{A98F78DB-42E0-4001-A5D8-1D0A845FF11F}.Release|Any CPU.Build.0 = Release|Any CPU
	EndGlobalSection
	GlobalSection(SolutionProperties) = preSolution
		HideSolutionNode = FALSE
	EndGlobalSection
	GlobalSection(ExtensibilityGlobals) = postSolution
		SolutionGuid = {790A3256-232C-4B2E-BDBE-8E7E9DF8AED2}
	EndGlobalSection
EndGlobal
